lockfileVersion: '9.0'

settings:
  autoInstallPeers: true
  excludeLinksFromLockfile: false

importers:

  .:
    dependencies:
      js-yaml:
        specifier: ^4.1.0
        version: 4.1.0
      jscses:
        specifier: ^1.0.0
        version: 1.0.0

packages:

  argparse@2.0.1:
    resolution: {integrity: sha512-8+9WqebbFzpX9OR+Wa6O29asIogeRMzcGtAINdpMHHyAg10f05aSFVBbcEqGf/PXw1EjAZ+q2/bEBg3DvurK3Q==}

  js-yaml@4.1.0:
    resolution: {integrity: sha512-wpxZs9NoxZaJESJGIZTyDEaYpl0FKSA+FB9aJiyemKhMwkxQg63h4T1KJgUGHpTqPDNRcmmYLugrRjJlBtWvRA==}
    hasBin: true

  jscses@1.0.0:
    resolution: {integrity: sha512-gxQGfbLGijNH6sW5G6dBz5/uiGR2glG2LD705LTjgL8dhETKBzw9cwUJvOK6Owx3QYMPsPtVS2XFx++I0GmfAw==}
    hasBin: true

snapshots:

  argparse@2.0.1: {}

  js-yaml@4.1.0:
    dependencies:
      argparse: 2.0.1

  jscses@1.0.0:
    dependencies:
      js-yaml: 4.1.0
